# Generated by pub
# See https://dart.dev/tools/pub/glossary#lockfile
packages:
  animated_vector:
    dependency: transitive
    description:
      name: animated_vector
      sha256: f1beb10e6fcfd8bd15abb788e20345def786d1c7391d7c1426bb2a1f2adf2132
      url: "https://pub.dev"
    source: hosted
    version: "0.2.2"
  animated_vector_annotations:
    dependency: transitive
    description:
      name: animated_vector_annotations
      sha256: "07c1ea603a2096f7eb6f1c2b8f16c3c330c680843ea78b7782a3217c3c53f979"
      url: "https://pub.dev"
    source: hosted
    version: "0.2.2"
  archive:
    dependency: transitive
    description:
      name: archive
      sha256: "2fde1607386ab523f7a36bb3e7edb43bd58e6edaf2ffb29d8a6d578b297fdbbd"
      url: "https://pub.dev"
    source: hosted
    version: "4.0.7"
  args:
    dependency: "direct dev"
    description:
      name: args
      sha256: d0481093c50b1da8910eb0bb301626d4d8eb7284aa739614d2b394ee09e3ea04
      url: "https://pub.dev"
    source: hosted
    version: "2.7.0"
  assorted_layout_widgets:
    dependency: transitive
    description:
      name: assorted_layout_widgets
      sha256: "86c6942f569f7f70bfb03b9cb0ada9bf5aee72264aaefdb0e2be0fbee70cfb06"
      url: "https://pub.dev"
    source: hosted
    version: "11.0.0"
  async:
    dependency: transitive
    description:
      name: async
      sha256: "758e6d74e971c3e5aceb4110bfd6698efc7f501675bcfe0c775459a8140750eb"
      url: "https://pub.dev"
    source: hosted
    version: "2.13.0"
  audioplayers:
    dependency: transitive
    description:
      name: audioplayers
      sha256: "5441fa0ceb8807a5ad701199806510e56afde2b4913d9d17c2f19f2902cf0ae4"
      url: "https://pub.dev"
    source: hosted
    version: "6.5.1"
  audioplayers_android:
    dependency: transitive
    description:
      name: audioplayers_android
      sha256: "60a6728277228413a85755bd3ffd6fab98f6555608923813ce383b190a360605"
      url: "https://pub.dev"
    source: hosted
    version: "5.2.1"
  audioplayers_darwin:
    dependency: transitive
    description:
      name: audioplayers_darwin
      sha256: "0811d6924904ca13f9ef90d19081e4a87f7297ddc19fc3d31f60af1aaafee333"
      url: "https://pub.dev"
    source: hosted
    version: "6.3.0"
  audioplayers_linux:
    dependency: transitive
    description:
      name: audioplayers_linux
      sha256: f75bce1ce864170ef5e6a2c6a61cd3339e1a17ce11e99a25bae4474ea491d001
      url: "https://pub.dev"
    source: hosted
    version: "4.2.1"
  audioplayers_platform_interface:
    dependency: transitive
    description:
      name: audioplayers_platform_interface
      sha256: "0e2f6a919ab56d0fec272e801abc07b26ae7f31980f912f24af4748763e5a656"
      url: "https://pub.dev"
    source: hosted
    version: "7.1.1"
  audioplayers_web:
    dependency: transitive
    description:
      name: audioplayers_web
      sha256: "1c0f17cec68455556775f1e50ca85c40c05c714a99c5eb1d2d57cc17ba5522d7"
      url: "https://pub.dev"
    source: hosted
    version: "5.1.1"
  audioplayers_windows:
    dependency: transitive
    description:
      name: audioplayers_windows
      sha256: "4048797865105b26d47628e6abb49231ea5de84884160229251f37dfcbe52fd7"
      url: "https://pub.dev"
    source: hosted
    version: "4.2.1"
  boolean_selector:
    dependency: transitive
    description:
      name: boolean_selector
      sha256: "8aab1771e1243a5063b8b0ff68042d67334e3feab9e95b9490f9a6ebf73b42ea"
      url: "https://pub.dev"
    source: hosted
    version: "2.1.2"
  characters:
    dependency: transitive
    description:
      name: characters
      sha256: f71061c654a3380576a52b451dd5532377954cf9dbd272a78fc8479606670803
      url: "https://pub.dev"
    source: hosted
    version: "1.4.0"
  clock:
    dependency: transitive
    description:
      name: clock
      sha256: fddb70d9b5277016c77a80201021d40a2247104d9f4aa7bab7157b7e3f05b84b
      url: "https://pub.dev"
    source: hosted
    version: "1.1.2"
  collection:
    dependency: transitive
    description:
      name: collection
      sha256: "2f5709ae4d3d59dd8f7cd309b4e023046b57d8a6c82130785d2b0e5868084e76"
      url: "https://pub.dev"
    source: hosted
    version: "1.19.1"
  crypto:
    dependency: transitive
    description:
      name: crypto
      sha256: c8ea0233063ba03258fbcf2ca4d6dadfefe14f02fab57702265467a19f27fadf
      url: "https://pub.dev"
    source: hosted
    version: "3.0.7"
  csv:
    dependency: transitive
    description:
      name: csv
      sha256: c6aa2679b2a18cb57652920f674488d89712efaf4d3fdf2e537215b35fc19d6c
      url: "https://pub.dev"
    source: hosted
    version: "6.0.0"
  cupertino_icons:
    dependency: "direct main"
    description:
      name: cupertino_icons
      sha256: ba631d1c7f7bef6b729a622b7b752645a2d076dba9976925b8f25725a30e1ee6
      url: "https://pub.dev"
    source: hosted
    version: "1.0.8"
  dbus:
    dependency: transitive
    description:
      name: dbus
      sha256: "79e0c23480ff85dc68de79e2cd6334add97e48f7f4865d17686dd6ea81a47e8c"
      url: "https://pub.dev"
    source: hosted
    version: "0.7.11"
  equatable:
    dependency: transitive
    description:
      name: equatable
      sha256: "567c64b3cb4cf82397aac55f4f0cbd3ca20d77c6c03bedbc4ceaddc08904aef7"
      url: "https://pub.dev"
    source: hosted
    version: "2.0.7"
  fake_async:
    dependency: transitive
    description:
      name: fake_async
      sha256: "5368f224a74523e8d2e7399ea1638b37aecfca824a3cc4dfdf77bf1fa905ac44"
      url: "https://pub.dev"
    source: hosted
    version: "1.3.3"
  ffi:
    dependency: transitive
    description:
      name: ffi
      sha256: "289279317b4b16eb2bb7e271abccd4bf84ec9bdcbe999e278a94b804f5630418"
      url: "https://pub.dev"
    source: hosted
    version: "2.1.4"
  file:
    dependency: transitive
    description:
      name: file
      sha256: a3b4f84adafef897088c160faf7dfffb7696046cb13ae90b508c2cbc95d3b8d4
      url: "https://pub.dev"
    source: hosted
    version: "7.0.1"
  fixnum:
    dependency: transitive
    description:
      name: fixnum
      sha256: b6dc7065e46c974bc7c5f143080a6764ec7a4be6da1285ececdc37be96de53be
      url: "https://pub.dev"
    source: hosted
    version: "1.1.1"
  flame:
    dependency: "direct main"
    description:
      name: flame
      sha256: "3725f1ab4ca07f77955c2b1c21d02906646ec0be95f7bc141854a529704fda9d"
      url: "https://pub.dev"
    source: hosted
    version: "1.33.0"
  flame_audio:
    dependency: "direct main"
    description:
      name: flame_audio
      sha256: "4427f00e93e6a2f0850d35b3aef5198eb0158f5829ef37b12d2558a7e493b3e6"
      url: "https://pub.dev"
    source: hosted
    version: "2.11.11"
  flame_forge2d:
    dependency: "direct main"
    description:
      name: flame_forge2d
      sha256: "8714af73f4342f1b41f7274feb765f35de20a539173d2639a0283c0dc318eadd"
      url: "https://pub.dev"
    source: hosted
    version: "0.19.2+1"
  flutter:
    dependency: "direct main"
    description: flutter
    source: sdk
    version: "0.0.0"
  flutter_lints:
    dependency: "direct dev"
    description:
      name: flutter_lints
      sha256: "3105dc8492f6183fb076ccf1f351ac3d60564bff92e20bfc4af9cc1651f4e7e1"
      url: "https://pub.dev"
    source: hosted
    version: "6.0.0"
  flutter_localizations:
    dependency: "direct main"
    description: flutter
    source: sdk
    version: "0.0.0"
  flutter_mini_sprite:
    dependency: transitive
    description:
      name: flutter_mini_sprite
      sha256: "3ade17b6af09911052531bc7548bf84ed44072c8d49861d9838a7a1445925cec"
      url: "https://pub.dev"
    source: hosted
    version: "0.0.1+1"
  flutter_test:
    dependency: "direct dev"
    description: flutter
    source: sdk
    version: "0.0.0"
  flutter_web_plugins:
    dependency: transitive
    description: flutter
    source: sdk
    version: "0.0.0"
  font_awesome_flutter:
    dependency: "direct main"
    description:
      name: font_awesome_flutter
      sha256: b9011df3a1fa02993630b8fb83526368cf2206a711259830325bab2f1d2a4eb0
      url: "https://pub.dev"
    source: hosted
    version: "10.12.0"
  forge2d:
    dependency: "direct main"
    description:
      name: forge2d
      sha256: "0f63d177f2e137a5007b879fda4076d0b81de065fcd72056c6fc896c82758bb7"
      url: "https://pub.dev"
    source: hosted
    version: "0.14.2+1"
  golden_screenshot:
    dependency: "direct dev"
    description:
      name: golden_screenshot
      sha256: b06b9dc1d31295ab4582d56599536649a541577ddcee4cc1c856cc23f8c998e6
      url: "https://pub.dev"
    source: hosted
    version: "7.1.0+1"
  google_fonts:
    dependency: "direct main"
    description:
      name: google_fonts
      sha256: "517b20870220c48752eafa0ba1a797a092fb22df0d89535fd9991e86ee2cdd9c"
      url: "https://pub.dev"
    source: hosted
    version: "6.3.2"
  gsettings:
    dependency: transitive
    description:
      name: gsettings
      sha256: "1b0ce661f5436d2db1e51f3c4295a49849f03d304003a7ba177d01e3a858249c"
      url: "https://pub.dev"
    source: hosted
    version: "0.2.8"
  gtk:
    dependency: transitive
    description:
      name: gtk
      sha256: e8ce9ca4b1df106e4d72dad201d345ea1a036cc12c360f1a7d5a758f78ffa42c
      url: "https://pub.dev"
    source: hosted
    version: "2.1.0"
  http:
    dependency: transitive
    description:
      name: http
      sha256: bb2ce4590bc2667c96f318d68cac1b5a7987ec819351d32b1c987239a815e007
      url: "https://pub.dev"
    source: hosted
    version: "1.5.0"
  http_parser:
    dependency: transitive
    description:
      name: http_parser
      sha256: "178d74305e7866013777bab2c3d8726205dc5a4dd935297175b19a23a2e66571"
      url: "https://pub.dev"
    source: hosted
    version: "4.1.2"
  icons_launcher:
    dependency: "direct dev"
    description:
      name: icons_launcher
      sha256: "6317d56a73ee528f1dd570d7cd7be120ce58014e0fe635d141ada3d88782f58d"
      url: "https://pub.dev"
    source: hosted
    version: "3.0.3"
  image:
    dependency: transitive
    description:
      name: image
      sha256: "4e973fcf4caae1a4be2fa0a13157aa38a8f9cb049db6529aa00b4d71abc4d928"
      url: "https://pub.dev"
    source: hosted
    version: "4.5.4"
  in_app_purchase:
    dependency: "direct main"
    description:
      name: in_app_purchase
      sha256: "5cddd7f463f3bddb1d37a72b95066e840d5822d66291331d7f8f05ce32c24b6c"
      url: "https://pub.dev"
    source: hosted
    version: "3.2.3"
  in_app_purchase_android:
    dependency: transitive
    description:
      name: in_app_purchase_android
      sha256: "2d0e2d27b93bd7457526419d7feb07baf5608d733ecf6cdcd2e3b03ea7248915"
      url: "https://pub.dev"
    source: hosted
    version: "0.4.0+6"
  in_app_purchase_platform_interface:
    dependency: transitive
    description:
      name: in_app_purchase_platform_interface
      sha256: "1d353d38251da5b9fea6635c0ebfc6bb17a2d28d0e86ea5e083bf64244f1fb4c"
      url: "https://pub.dev"
    source: hosted
    version: "1.4.0"
  in_app_purchase_storekit:
    dependency: transitive
    description:
      name: in_app_purchase_storekit
      sha256: dab4feef532af88ddec22200e4b3809c02c9bd0da3d0864f3e8e0f7b02f95867
      url: "https://pub.dev"
    source: hosted
    version: "0.4.6"
  intl:
    dependency: "direct dev"
    description:
      name: intl
      sha256: "3df61194eb431efc39c4ceba583b95633a403f46c9fd341e550ce0bfa50e9aa5"
      url: "https://pub.dev"
    source: hosted
    version: "0.20.2"
  json_annotation:
    dependency: transitive
    description:
      name: json_annotation
      sha256: "1ce844379ca14835a50d2f019a3099f419082cfdd231cd86a142af94dd5c6bb1"
      url: "https://pub.dev"
    source: hosted
    version: "4.9.0"
  leak_tracker:
    dependency: transitive
    description:
      name: leak_tracker
      sha256: "33e2e26bdd85a0112ec15400c8cbffea70d0f9c3407491f672a2fad47915e2de"
      url: "https://pub.dev"
    source: hosted
    version: "11.0.2"
  leak_tracker_flutter_testing:
    dependency: transitive
    description:
      name: leak_tracker_flutter_testing
      sha256: "1dbc140bb5a23c75ea9c4811222756104fbcd1a27173f0c34ca01e16bea473c1"
      url: "https://pub.dev"
    source: hosted
    version: "3.0.10"
  leak_tracker_testing:
    dependency: transitive
    description:
      name: leak_tracker_testing
      sha256: "8d5a2d49f4a66b49744b23b018848400d23e54caf9463f4eb20df3eb8acb2eb1"
      url: "https://pub.dev"
    source: hosted
    version: "3.0.2"
  lints:
    dependency: transitive
    description:
      name: lints
      sha256: a5e2b223cb7c9c8efdc663ef484fdd95bb243bff242ef5b13e26883547fce9a0
      url: "https://pub.dev"
    source: hosted
    version: "6.0.0"
  logging:
    dependency: "direct main"
    description:
      name: logging
      sha256: c8245ada5f1717ed44271ed1c26b8ce85ca3228fd2ffdb75468ab01979309d61
      url: "https://pub.dev"
    source: hosted
    version: "1.3.0"
  matcher:
    dependency: transitive
    description:
      name: matcher
      sha256: dc58c723c3c24bf8d3e2d3ad3f2f9d7bd9cf43ec6feaa64181775e60190153f2
      url: "https://pub.dev"
    source: hosted
    version: "0.12.17"
  material_color_utilities:
    dependency: transitive
    description:
      name: material_color_utilities
      sha256: f7142bb1154231d7ea5f96bc7bde4bda2a0945d2806bb11670e30b850d56bdec
      url: "https://pub.dev"
    source: hosted
    version: "0.11.1"
  matrix4_transform:
    dependency: transitive
    description:
      name: matrix4_transform
      sha256: "1346e53517e3081d3e8362377be97e285e2bd348855c177eae2a18aa965cafa0"
      url: "https://pub.dev"
    source: hosted
    version: "4.0.1"
  meta:
    dependency: transitive
    description:
      name: meta
      sha256: e3641ec5d63ebf0d9b41bd43201a66e3fc79a65db5f61fc181f04cd27aab950c
      url: "https://pub.dev"
    source: hosted
    version: "1.16.0"
  mini_sprite:
    dependency: "direct main"
    description:
      name: mini_sprite
      sha256: b92bb4fcd81991b39798ce2f58ed3c044035cf22688df44977ee38c7765667e9
      url: "https://pub.dev"
    source: hosted
    version: "0.1.0"
  mutex:
    dependency: transitive
    description:
      name: mutex
      sha256: "8827da25de792088eb33e572115a5eb0d61d61a3c01acbc8bcbe76ed78f1a1f2"
      url: "https://pub.dev"
    source: hosted
    version: "3.1.0"
  nes_ui:
    dependency: "direct main"
    description:
      name: nes_ui
      sha256: "88aef42af6aebae80247610c0b972c1f97d5a1dfe0a4578749021ed0f38e938e"
      url: "https://pub.dev"
    source: hosted
    version: "0.27.0"
  ordered_set:
    dependency: transitive
    description:
      name: ordered_set
      sha256: d6c1d053a533e84931a388cbf03f1ad21a0543bf06c7a281859d3ffacd8e15f2
      url: "https://pub.dev"
    source: hosted
    version: "8.0.0"
  path:
    dependency: transitive
    description:
      name: path
      sha256: "75cca69d1490965be98c73ceaea117e8a04dd21217b37b292c9ddbec0d955bc5"
      url: "https://pub.dev"
    source: hosted
    version: "1.9.1"
  path_parsing:
    dependency: transitive
    description:
      name: path_parsing
      sha256: "883402936929eac138ee0a45da5b0f2c80f89913e6dc3bf77eb65b84b409c6ca"
      url: "https://pub.dev"
    source: hosted
    version: "1.1.0"
  path_provider:
    dependency: transitive
    description:
      name: path_provider
      sha256: "50c5dd5b6e1aaf6fb3a78b33f6aa3afca52bf903a8a5298f53101fdaee55bbcd"
      url: "https://pub.dev"
    source: hosted
    version: "2.1.5"
  path_provider_android:
    dependency: transitive
    description:
      name: path_provider_android
      sha256: e122c5ea805bb6773bb12ce667611265980940145be920cd09a4b0ec0285cb16
      url: "https://pub.dev"
    source: hosted
    version: "2.2.20"
  path_provider_foundation:
    dependency: transitive
    description:
      name: path_provider_foundation
      sha256: efaec349ddfc181528345c56f8eda9d6cccd71c177511b132c6a0ddaefaa2738
      url: "https://pub.dev"
    source: hosted
    version: "2.4.3"
  path_provider_linux:
    dependency: transitive
    description:
      name: path_provider_linux
      sha256: f7a1fe3a634fe7734c8d3f2766ad746ae2a2884abe22e241a8b301bf5cac3279
      url: "https://pub.dev"
    source: hosted
    version: "2.2.1"
  path_provider_platform_interface:
    dependency: transitive
    description:
      name: path_provider_platform_interface
      sha256: "88f5779f72ba699763fa3a3b06aa4bf6de76c8e5de842cf6f29e2e06476c2334"
      url: "https://pub.dev"
    source: hosted
    version: "2.1.2"
  path_provider_windows:
    dependency: transitive
    description:
      name: path_provider_windows
      sha256: bd6f00dbd873bfb70d0761682da2b3a2c2fccc2b9e84c495821639601d81afe7
      url: "https://pub.dev"
    source: hosted
    version: "2.3.0"
  petitparser:
    dependency: transitive
    description:
      name: petitparser
      sha256: "1a97266a94f7350d30ae522c0af07890c70b8e62c71e8e3920d1db4d23c057d1"
      url: "https://pub.dev"
    source: hosted
    version: "7.0.1"
  phased:
    dependency: transitive
    description:
      name: phased
      sha256: "4dc19d589fd059268b07357767ac96eef2861eb5e8ceedf9d23fb933f0128396"
      url: "https://pub.dev"
    source: hosted
    version: "0.0.3"
  platform:
    dependency: transitive
    description:
      name: platform
      sha256: "5d6b1b0036a5f331ebc77c850ebc8506cbc1e9416c27e59b439f917a902a4984"
      url: "https://pub.dev"
    source: hosted
    version: "3.1.6"
  platform_linux:
    dependency: transitive
    description:
      name: platform_linux
      sha256: "907b7c6da6ee6eea61cd1266b7bd72e2d5bbf7e85160221e8ac5583a44e7a1c7"
      url: "https://pub.dev"
    source: hosted
    version: "0.1.2+1"
  plugin_platform_interface:
    dependency: transitive
    description:
      name: plugin_platform_interface
      sha256: "4820fbfdb9478b1ebae27888254d445073732dae3d6ea81f0b7e06d5dedc3f02"
      url: "https://pub.dev"
    source: hosted
    version: "2.1.8"
  posix:
    dependency: transitive
    description:
      name: posix
      sha256: "6323a5b0fa688b6a010df4905a56b00181479e6d10534cecfecede2aa55add61"
      url: "https://pub.dev"
    source: hosted
    version: "6.0.3"
  screen_retriever:
    dependency: transitive
    description:
      name: screen_retriever
      sha256: "570dbc8e4f70bac451e0efc9c9bb19fa2d6799a11e6ef04f946d7886d2e23d0c"
      url: "https://pub.dev"
    source: hosted
    version: "0.2.0"
  screen_retriever_linux:
    dependency: transitive
    description:
      name: screen_retriever_linux
      sha256: f7f8120c92ef0784e58491ab664d01efda79a922b025ff286e29aa123ea3dd18
      url: "https://pub.dev"
    source: hosted
    version: "0.2.0"
  screen_retriever_macos:
    dependency: transitive
    description:
      name: screen_retriever_macos
      sha256: "71f956e65c97315dd661d71f828708bd97b6d358e776f1a30d5aa7d22d78a149"
      url: "https://pub.dev"
    source: hosted
    version: "0.2.0"
  screen_retriever_platform_interface:
    dependency: transitive
    description:
      name: screen_retriever_platform_interface
      sha256: ee197f4581ff0d5608587819af40490748e1e39e648d7680ecf95c05197240c0
      url: "https://pub.dev"
    source: hosted
    version: "0.2.0"
  screen_retriever_windows:
    dependency: transitive
    description:
      name: screen_retriever_windows
      sha256: "449ee257f03ca98a57288ee526a301a430a344a161f9202b4fcc38576716fe13"
      url: "https://pub.dev"
    source: hosted
    version: "0.2.0"
  shared_preferences:
    dependency: "direct main"
    description:
      name: shared_preferences
      sha256: "6e8bf70b7fef813df4e9a36f658ac46d107db4b4cfe1048b477d4e453a8159f5"
      url: "https://pub.dev"
    source: hosted
    version: "2.5.3"
  shared_preferences_android:
    dependency: transitive
    description:
      name: shared_preferences_android
      sha256: "34266009473bf71d748912da4bf62d439185226c03e01e2d9687bc65bbfcb713"
      url: "https://pub.dev"
    source: hosted
    version: "2.4.15"
  shared_preferences_foundation:
    dependency: transitive
    description:
      name: shared_preferences_foundation
      sha256: "1c33a907142607c40a7542768ec9badfd16293bac51da3a4482623d15845f88b"
      url: "https://pub.dev"
    source: hosted
    version: "2.5.5"
  shared_preferences_linux:
    dependency: transitive
    description:
      name: shared_preferences_linux
      sha256: "580abfd40f415611503cae30adf626e6656dfb2f0cee8f465ece7b6defb40f2f"
      url: "https://pub.dev"
    source: hosted
    version: "2.4.1"
  shared_preferences_platform_interface:
    dependency: transitive
    description:
      name: shared_preferences_platform_interface
      sha256: "57cbf196c486bc2cf1f02b85784932c6094376284b3ad5779d1b1c6c6a816b80"
      url: "https://pub.dev"
    source: hosted
    version: "2.4.1"
  shared_preferences_web:
    dependency: transitive
    description:
      name: shared_preferences_web
      sha256: c49bd060261c9a3f0ff445892695d6212ff603ef3115edbb448509d407600019
      url: "https://pub.dev"
    source: hosted
    version: "2.4.3"
  shared_preferences_windows:
    dependency: transitive
    description:
      name: shared_preferences_windows
      sha256: "94ef0f72b2d71bc3e700e025db3710911bd51a71cefb65cc609dd0d9a982e3c1"
      url: "https://pub.dev"
    source: hosted
    version: "2.4.1"
  simplytranslate:
    dependency: "direct dev"
    description:
      name: simplytranslate
      sha256: "3137b221b088c589cd68d26192d753a3a6fe314b83d95fc9c96cd0a40b270772"
      url: "https://pub.dev"
    source: hosted
    version: "2.2.2"
  sky_engine:
    dependency: transitive
    description: flutter
    source: sdk
    version: "0.0.0"
  slang:
    dependency: "direct main"
    description:
      name: slang
      sha256: bb92f1777d086483251dd1a359d86d174d2ea3f8000eb7f55ad7ef9a1323c9e7
      url: "https://pub.dev"
    source: hosted
    version: "4.9.2"
  slang_flutter:
    dependency: "direct main"
    description:
      name: slang_flutter
      sha256: "5ecf841d6252c05ea335920ec299bb7edbb860eb793eebb4b40f68b9d148a571"
      url: "https://pub.dev"
    source: hosted
    version: "4.9.0"
  source_span:
    dependency: transitive
    description:
      name: source_span
      sha256: "254ee5351d6cb365c859e20ee823c3bb479bf4a293c22d17a9f1bf144ce86f7c"
      url: "https://pub.dev"
    source: hosted
    version: "1.10.1"
  stack_trace:
    dependency: transitive
    description:
      name: stack_trace
      sha256: "8b27215b45d22309b5cddda1aa2b19bdfec9df0e765f2de506401c071d38d1b1"
      url: "https://pub.dev"
    source: hosted
    version: "1.12.1"
  stow:
    dependency: transitive
    description:
      name: stow
      sha256: "4b8dbb36bb4fdbd47e9c3d3ce434e32dd91c98dd1ed469c769d5ebeb90949948"
      url: "https://pub.dev"
    source: hosted
    version: "0.5.1+1"
  stow_codecs:
    dependency: "direct main"
    description:
      name: stow_codecs
      sha256: f35c83e853ca250261c42788141ef64e4c36d83b2613cd5927bd9f070843ad28
      url: "https://pub.dev"
    source: hosted
    version: "1.4.0"
  stow_plain:
    dependency: "direct main"
    description:
      name: stow_plain
      sha256: a463db00b22d5793cd9afb1137ca54783a29aca1a12242d5760b0a101cb71f41
      url: "https://pub.dev"
    source: hosted
    version: "0.5.1"
  stream_channel:
    dependency: transitive
    description:
      name: stream_channel
      sha256: "969e04c80b8bcdf826f8f16579c7b14d780458bd97f56d107d3950fdbeef059d"
      url: "https://pub.dev"
    source: hosted
    version: "2.1.4"
  string_scanner:
    dependency: transitive
    description:
      name: string_scanner
      sha256: "921cd31725b72fe181906c6a94d987c78e3b98c2e205b397ea399d4054872b43"
      url: "https://pub.dev"
    source: hosted
    version: "1.4.1"
  synchronized:
    dependency: transitive
    description:
      name: synchronized
      sha256: c254ade258ec8282947a0acbbc90b9575b4f19673533ee46f2f6e9b3aeefd7c0
      url: "https://pub.dev"
    source: hosted
    version: "3.4.0"
  term_glyph:
    dependency: transitive
    description:
      name: term_glyph
      sha256: "7f554798625ea768a7518313e58f83891c7f5024f88e46e7182a4558850a4b8e"
      url: "https://pub.dev"
    source: hosted
    version: "1.2.2"
  test_api:
    dependency: transitive
    description:
      name: test_api
      sha256: "522f00f556e73044315fa4585ec3270f1808a4b186c936e612cab0b565ff1e00"
      url: "https://pub.dev"
    source: hosted
    version: "0.7.6"
  typed_data:
    dependency: transitive
    description:
      name: typed_data
      sha256: f9049c039ebfeb4cf7a7104a675823cd72dba8297f264b6637062516699fa006
      url: "https://pub.dev"
    source: hosted
    version: "1.4.0"
  universal_io:
    dependency: transitive
    description:
      name: universal_io
      sha256: "1722b2dcc462b4b2f3ee7d188dad008b6eb4c40bbd03a3de451d82c78bba9aad"
      url: "https://pub.dev"
    source: hosted
    version: "2.2.2"
  universal_platform:
    dependency: transitive
    description:
      name: universal_platform
      sha256: "64e16458a0ea9b99260ceb5467a214c1f298d647c659af1bff6d3bf82536b1ec"
      url: "https://pub.dev"
    source: hosted
    version: "1.1.0"
  uuid:
    dependency: transitive
    description:
      name: uuid
      sha256: a11b666489b1954e01d992f3d601b1804a33937b5a8fe677bd26b8a9f96f96e8
      url: "https://pub.dev"
    source: hosted
    version: "4.5.2"
  vector_math:
    dependency: transitive
    description:
      name: vector_math
      sha256: d530bd74fea330e6e364cda7a85019c434070188383e1cd8d9777ee586914c5b
      url: "https://pub.dev"
    source: hosted
    version: "2.2.0"
  vm_service:
    dependency: transitive
    description:
      name: vm_service
      sha256: "45caa6c5917fa127b5dbcfbd1fa60b14e583afdc08bfc96dda38886ca252eb60"
      url: "https://pub.dev"
    source: hosted
    version: "15.0.2"
  watcher:
    dependency: transitive
    description:
      name: watcher
      sha256: "592ab6e2892f67760543fb712ff0177f4ec76c031f02f5b4ff8d3fc5eb9fb61a"
      url: "https://pub.dev"
    source: hosted
    version: "1.1.4"
  web:
    dependency: transitive
    description:
      name: web
      sha256: "868d88a33d8a87b18ffc05f9f030ba328ffefba92d6c127917a2ba740f9cfe4a"
      url: "https://pub.dev"
    source: hosted
    version: "1.1.1"
  window_manager:
    dependency: transitive
    description:
      name: window_manager
      sha256: "7eb6d6c4164ec08e1bf978d6e733f3cebe792e2a23fb07cbca25c2872bfdbdcd"
      url: "https://pub.dev"
    source: hosted
    version: "0.5.1"
  xdg_directories:
    dependency: transitive
    description:
      name: xdg_directories
      sha256: "7a3f37b05d989967cdddcbb571f1ea834867ae2faa29725fd085180e0883aa15"
      url: "https://pub.dev"
    source: hosted
    version: "1.1.0"
  xml:
    dependency: transitive
    description:
      name: xml
      sha256: "971043b3a0d3da28727e40ed3e0b5d18b742fa5a68665cca88e74b7876d5e025"
      url: "https://pub.dev"
    source: hosted
    version: "6.6.1"
  yaml:
    dependency: "direct dev"
    description:
      name: yaml
      sha256: b9da305ac7c39faa3f030eccd175340f968459dae4af175130b3fc47e40d76ce
      url: "https://pub.dev"
    source: hosted
    version: "3.1.3"
  yaru:
    dependency: transitive
    description:
      name: yaru
      sha256: "67ac8c3dc52a5d69c049056d5fa40b909973e10b36df3cffeb666de867532d79"
      url: "https://pub.dev"
    source: hosted
    version: "8.3.0"
  yaru_window:
    dependency: transitive
    description:
      name: yaru_window
      sha256: "58539a9abe9901891dadce142c7a5d303920b780dd0f7bd21f076a80adeeb744"
      url: "https://pub.dev"
    source: hosted
    version: "0.2.2"
  yaru_window_linux:
    dependency: transitive
    description:
      name: yaru_window_linux
      sha256: "885ad0ba5832d350c42862ce02da478599ef550280eb7f6b15285481fcff6f53"
      url: "https://pub.dev"
    source: hosted
    version: "0.2.2"
  yaru_window_manager:
    dependency: transitive
    description:
      name: yaru_window_manager
      sha256: "6288fd6ccd8bb9d5be56073c6f277e2da08dd38e346507bf88bc9332b08dd180"
      url: "https://pub.dev"
    source: hosted
    version: "0.1.3"
  yaru_window_platform_interface:
    dependency: transitive
    description:
      name: yaru_window_platform_interface
      sha256: d514387cc96750112ecf1933b6f12a1912beca199178d00052c0e87a94e232fa
      url: "https://pub.dev"
    source: hosted
    version: "0.1.3"
  yaru_window_web:
    dependency: transitive
    description:
      name: yaru_window_web
      sha256: cf4d79e0760fbdcb78d4bbca3b5563f99518629224b9e5611f0ebd592befe1d9
      url: "https://pub.dev"
    source: hosted
    version: "0.0.4"
sdks:
  dart: ">=3.9.0 <4.0.0"
  flutter: ">=3.35.0"
